
Microsoft Visual Studio Solution File, Format Version 12.00
# Visual Studio 15
VisualStudioVersion = 15.0.25123.0
MinimumVisualStudioVersion = 10.0.40219.1
Project("{FAE04EC0-301F-11D3-BF4B-00C04F79EFBC}") = "Since", "Since\Since.csproj", "{1668BBC9-294A-46B7-915E-0C532E5E7E9D}"
EndProject
Project("{FAE04EC0-301F-11D3-BF4B-00C04F79EFBC}") = "Since.Rdf", "Since.Rdf\Since.Rdf.csproj", "{23E08FEA-1B3A-4389-8465-C463E5F3509C}"
EndProject
Project("{FAE04EC0-301F-11D3-BF4B-00C04F79EFBC}") = "Since.Rdf.Generator", "Since.Rdf.Generator\Since.Rdf.Generator.csproj", "{BAD4DE0B-1EFF-43E6-B1E1-EEF02EBC3F19}"
EndProject
Project("{2150E333-8FDC-42A3-9474-1A3956D46DE8}") = "Solution Items", "Solution Items", "{E5A99B62-60F7-43B2-A0BB-499E833880B7}"
	ProjectSection(SolutionItems) = preProject
		readme.md = readme.md
	EndProjectSection
EndProject
Project("{FAE04EC0-301F-11D3-BF4B-00C04F79EFBC}") = "Since.Immutability.Analyzer", "Since.Immutability\Since.Immutability.Analyzer\Since.Immutability.Analyzer.csproj", "{1CD61638-ECE9-41B1-BD7E-E4ADE21B82C4}"
EndProject
Project("{FAE04EC0-301F-11D3-BF4B-00C04F79EFBC}") = "Since.Immutability.Analyzer.Test", "Since.Immutability\Since.Immutability.Analyzer.Test\Since.Immutability.Analyzer.Test.csproj", "{916E1E0F-7AD6-4ADC-A144-A1874775EA58}"
EndProject
Project("{FAE04EC0-301F-11D3-BF4B-00C04F79EFBC}") = "Since.Immutability.Analyzer.Vsix", "Since.Immutability\Since.Immutability.Analyzer.Vsix\Since.Immutability.Analyzer.Vsix.csproj", "{B30829B3-ED90-4DB0-B3B4-C1D2FD0C2E21}"
EndProject
Project("{2150E333-8FDC-42A3-9474-1A3956D46DE8}") = "Since.Mutability", "Since.Mutability", "{496012E0-17D6-40FB-AEB0-A410124EFA2F}"
EndProject
Project("{FAE04EC0-301F-11D3-BF4B-00C04F79EFBC}") = "Since.Versioning", "Since.Versioning\Since.Versioning\Since.Versioning.csproj", "{99EDFF86-DBE0-46EB-ABDD-38917DA879B7}"
EndProject
Project("{2150E333-8FDC-42A3-9474-1A3956D46DE8}") = "Since.Versioning", "Since.Versioning", "{B8EA6BC1-78E1-44D5-BEBD-525141B7DF3E}"
EndProject
Global
	GlobalSection(SolutionConfigurationPlatforms) = preSolution
		Debug|Any CPU = Debug|Any CPU
		Debug|ARM = Debug|ARM
		Debug|x64 = Debug|x64
		Debug|x86 = Debug|x86
		Release|Any CPU = Release|Any CPU
		Release|ARM = Release|ARM
		Release|x64 = Release|x64
		Release|x86 = Release|x86
	EndGlobalSection
	GlobalSection(ProjectConfigurationPlatforms) = postSolution
		{1668BBC9-294A-46B7-915E-0C532E5E7E9D}.Debug|Any CPU.ActiveCfg = Debug|Any CPU
		{1668BBC9-294A-46B7-915E-0C532E5E7E9D}.Debug|Any CPU.Build.0 = Debug|Any CPU
		{1668BBC9-294A-46B7-915E-0C532E5E7E9D}.Debug|ARM.ActiveCfg = Debug|ARM
		{1668BBC9-294A-46B7-915E-0C532E5E7E9D}.Debug|ARM.Build.0 = Debug|ARM
		{1668BBC9-294A-46B7-915E-0C532E5E7E9D}.Debug|x64.ActiveCfg = Debug|x64
		{1668BBC9-294A-46B7-915E-0C532E5E7E9D}.Debug|x64.Build.0 = Debug|x64
		{1668BBC9-294A-46B7-915E-0C532E5E7E9D}.Debug|x86.ActiveCfg = Debug|x86
		{1668BBC9-294A-46B7-915E-0C532E5E7E9D}.Debug|x86.Build.0 = Debug|x86
		{1668BBC9-294A-46B7-915E-0C532E5E7E9D}.Release|Any CPU.ActiveCfg = Release|Any CPU
		{1668BBC9-294A-46B7-915E-0C532E5E7E9D}.Release|Any CPU.Build.0 = Release|Any CPU
		{1668BBC9-294A-46B7-915E-0C532E5E7E9D}.Release|ARM.ActiveCfg = Release|ARM
		{1668BBC9-294A-46B7-915E-0C532E5E7E9D}.Release|ARM.Build.0 = Release|ARM
		{1668BBC9-294A-46B7-915E-0C532E5E7E9D}.Release|x64.ActiveCfg = Release|x64
		{1668BBC9-294A-46B7-915E-0C532E5E7E9D}.Release|x64.Build.0 = Release|x64
		{1668BBC9-294A-46B7-915E-0C532E5E7E9D}.Release|x86.ActiveCfg = Release|x86
		{1668BBC9-294A-46B7-915E-0C532E5E7E9D}.Release|x86.Build.0 = Release|x86
		{23E08FEA-1B3A-4389-8465-C463E5F3509C}.Debug|Any CPU.ActiveCfg = Debug|Any CPU
		{23E08FEA-1B3A-4389-8465-C463E5F3509C}.Debug|Any CPU.Build.0 = Debug|Any CPU
		{23E08FEA-1B3A-4389-8465-C463E5F3509C}.Debug|ARM.ActiveCfg = Debug|ARM
		{23E08FEA-1B3A-4389-8465-C463E5F3509C}.Debug|ARM.Build.0 = Debug|ARM
		{23E08FEA-1B3A-4389-8465-C463E5F3509C}.Debug|x64.ActiveCfg = Debug|x64
		{23E08FEA-1B3A-4389-8465-C463E5F3509C}.Debug|x64.Build.0 = Debug|x64
		{23E08FEA-1B3A-4389-8465-C463E5F3509C}.Debug|x86.ActiveCfg = Debug|x86
		{23E08FEA-1B3A-4389-8465-C463E5F3509C}.Debug|x86.Build.0 = Debug|x86
		{23E08FEA-1B3A-4389-8465-C463E5F3509C}.Release|Any CPU.ActiveCfg = Release|Any CPU
		{23E08FEA-1B3A-4389-8465-C463E5F3509C}.Release|Any CPU.Build.0 = Release|Any CPU
		{23E08FEA-1B3A-4389-8465-C463E5F3509C}.Release|ARM.ActiveCfg = Release|ARM
		{23E08FEA-1B3A-4389-8465-C463E5F3509C}.Release|ARM.Build.0 = Release|ARM
		{23E08FEA-1B3A-4389-8465-C463E5F3509C}.Release|x64.ActiveCfg = Release|x64
		{23E08FEA-1B3A-4389-8465-C463E5F3509C}.Release|x64.Build.0 = Release|x64
		{23E08FEA-1B3A-4389-8465-C463E5F3509C}.Release|x86.ActiveCfg = Release|x86
		{23E08FEA-1B3A-4389-8465-C463E5F3509C}.Release|x86.Build.0 = Release|x86
		{BAD4DE0B-1EFF-43E6-B1E1-EEF02EBC3F19}.Debug|Any CPU.ActiveCfg = Debug|Any CPU
		{BAD4DE0B-1EFF-43E6-B1E1-EEF02EBC3F19}.Debug|Any CPU.Build.0 = Debug|Any CPU
		{BAD4DE0B-1EFF-43E6-B1E1-EEF02EBC3F19}.Debug|ARM.ActiveCfg = Debug|Any CPU
		{BAD4DE0B-1EFF-43E6-B1E1-EEF02EBC3F19}.Debug|ARM.Build.0 = Debug|Any CPU
		{BAD4DE0B-1EFF-43E6-B1E1-EEF02EBC3F19}.Debug|x64.ActiveCfg = Debug|Any CPU
		{BAD4DE0B-1EFF-43E6-B1E1-EEF02EBC3F19}.Debug|x64.Build.0 = Debug|Any CPU
		{BAD4DE0B-1EFF-43E6-B1E1-EEF02EBC3F19}.Debug|x86.ActiveCfg = Debug|Any CPU
		{BAD4DE0B-1EFF-43E6-B1E1-EEF02EBC3F19}.Debug|x86.Build.0 = Debug|Any CPU
		{BAD4DE0B-1EFF-43E6-B1E1-EEF02EBC3F19}.Release|Any CPU.ActiveCfg = Release|Any CPU
		{BAD4DE0B-1EFF-43E6-B1E1-EEF02EBC3F19}.Release|Any CPU.Build.0 = Release|Any CPU
		{BAD4DE0B-1EFF-43E6-B1E1-EEF02EBC3F19}.Release|ARM.ActiveCfg = Release|Any CPU
		{BAD4DE0B-1EFF-43E6-B1E1-EEF02EBC3F19}.Release|ARM.Build.0 = Release|Any CPU
		{BAD4DE0B-1EFF-43E6-B1E1-EEF02EBC3F19}.Release|x64.ActiveCfg = Release|Any CPU
		{BAD4DE0B-1EFF-43E6-B1E1-EEF02EBC3F19}.Release|x64.Build.0 = Release|Any CPU
		{BAD4DE0B-1EFF-43E6-B1E1-EEF02EBC3F19}.Release|x86.ActiveCfg = Release|Any CPU
		{BAD4DE0B-1EFF-43E6-B1E1-EEF02EBC3F19}.Release|x86.Build.0 = Release|Any CPU
		{1CD61638-ECE9-41B1-BD7E-E4ADE21B82C4}.Debug|Any CPU.ActiveCfg = Debug|Any CPU
		{1CD61638-ECE9-41B1-BD7E-E4ADE21B82C4}.Debug|Any CPU.Build.0 = Debug|Any CPU
		{1CD61638-ECE9-41B1-BD7E-E4ADE21B82C4}.Debug|ARM.ActiveCfg = Debug|Any CPU
		{1CD61638-ECE9-41B1-BD7E-E4ADE21B82C4}.Debug|ARM.Build.0 = Debug|Any CPU
		{1CD61638-ECE9-41B1-BD7E-E4ADE21B82C4}.Debug|x64.ActiveCfg = Debug|Any CPU
		{1CD61638-ECE9-41B1-BD7E-E4ADE21B82C4}.Debug|x64.Build.0 = Debug|Any CPU
		{1CD61638-ECE9-41B1-BD7E-E4ADE21B82C4}.Debug|x86.ActiveCfg = Debug|Any CPU
		{1CD61638-ECE9-41B1-BD7E-E4ADE21B82C4}.Debug|x86.Build.0 = Debug|Any CPU
		{1CD61638-ECE9-41B1-BD7E-E4ADE21B82C4}.Release|Any CPU.ActiveCfg = Release|Any CPU
		{1CD61638-ECE9-41B1-BD7E-E4ADE21B82C4}.Release|Any CPU.Build.0 = Release|Any CPU
		{1CD61638-ECE9-41B1-BD7E-E4ADE21B82C4}.Release|ARM.ActiveCfg = Release|Any CPU
		{1CD61638-ECE9-41B1-BD7E-E4ADE21B82C4}.Release|ARM.Build.0 = Release|Any CPU
		{1CD61638-ECE9-41B1-BD7E-E4ADE21B82C4}.Release|x64.ActiveCfg = Release|Any CPU
		{1CD61638-ECE9-41B1-BD7E-E4ADE21B82C4}.Release|x64.Build.0 = Release|Any CPU
		{1CD61638-ECE9-41B1-BD7E-E4ADE21B82C4}.Release|x86.ActiveCfg = Release|Any CPU
		{1CD61638-ECE9-41B1-BD7E-E4ADE21B82C4}.Release|x86.Build.0 = Release|Any CPU
		{916E1E0F-7AD6-4ADC-A144-A1874775EA58}.Debug|Any CPU.ActiveCfg = Debug|Any CPU
		{916E1E0F-7AD6-4ADC-A144-A1874775EA58}.Debug|Any CPU.Build.0 = Debug|Any CPU
		{916E1E0F-7AD6-4ADC-A144-A1874775EA58}.Debug|ARM.ActiveCfg = Debug|Any CPU
		{916E1E0F-7AD6-4ADC-A144-A1874775EA58}.Debug|ARM.Build.0 = Debug|Any CPU
		{916E1E0F-7AD6-4ADC-A144-A1874775EA58}.Debug|x64.ActiveCfg = Debug|Any CPU
		{916E1E0F-7AD6-4ADC-A144-A1874775EA58}.Debug|x64.Build.0 = Debug|Any CPU
		{916E1E0F-7AD6-4ADC-A144-A1874775EA58}.Debug|x86.ActiveCfg = Debug|Any CPU
		{916E1E0F-7AD6-4ADC-A144-A1874775EA58}.Debug|x86.Build.0 = Debug|Any CPU
		{916E1E0F-7AD6-4ADC-A144-A1874775EA58}.Release|Any CPU.ActiveCfg = Release|Any CPU
		{916E1E0F-7AD6-4ADC-A144-A1874775EA58}.Release|Any CPU.Build.0 = Release|Any CPU
		{916E1E0F-7AD6-4ADC-A144-A1874775EA58}.Release|ARM.ActiveCfg = Release|Any CPU
		{916E1E0F-7AD6-4ADC-A144-A1874775EA58}.Release|ARM.Build.0 = Release|Any CPU
		{916E1E0F-7AD6-4ADC-A144-A1874775EA58}.Release|x64.ActiveCfg = Release|Any CPU
		{916E1E0F-7AD6-4ADC-A144-A1874775EA58}.Release|x64.Build.0 = Release|Any CPU
		{916E1E0F-7AD6-4ADC-A144-A1874775EA58}.Release|x86.ActiveCfg = Release|Any CPU
		{916E1E0F-7AD6-4ADC-A144-A1874775EA58}.Release|x86.Build.0 = Release|Any CPU
		{B30829B3-ED90-4DB0-B3B4-C1D2FD0C2E21}.Debug|Any CPU.ActiveCfg = Debug|Any CPU
		{B30829B3-ED90-4DB0-B3B4-C1D2FD0C2E21}.Debug|Any CPU.Build.0 = Debug|Any CPU
		{B30829B3-ED90-4DB0-B3B4-C1D2FD0C2E21}.Debug|ARM.ActiveCfg = Debug|Any CPU
		{B30829B3-ED90-4DB0-B3B4-C1D2FD0C2E21}.Debug|ARM.Build.0 = Debug|Any CPU
		{B30829B3-ED90-4DB0-B3B4-C1D2FD0C2E21}.Debug|x64.ActiveCfg = Debug|Any CPU
		{B30829B3-ED90-4DB0-B3B4-C1D2FD0C2E21}.Debug|x64.Build.0 = Debug|Any CPU
		{B30829B3-ED90-4DB0-B3B4-C1D2FD0C2E21}.Debug|x86.ActiveCfg = Debug|Any CPU
		{B30829B3-ED90-4DB0-B3B4-C1D2FD0C2E21}.Debug|x86.Build.0 = Debug|Any CPU
		{B30829B3-ED90-4DB0-B3B4-C1D2FD0C2E21}.Release|Any CPU.ActiveCfg = Release|Any CPU
		{B30829B3-ED90-4DB0-B3B4-C1D2FD0C2E21}.Release|Any CPU.Build.0 = Release|Any CPU
		{B30829B3-ED90-4DB0-B3B4-C1D2FD0C2E21}.Release|ARM.ActiveCfg = Release|Any CPU
		{B30829B3-ED90-4DB0-B3B4-C1D2FD0C2E21}.Release|ARM.Build.0 = Release|Any CPU
		{B30829B3-ED90-4DB0-B3B4-C1D2FD0C2E21}.Release|x64.ActiveCfg = Release|Any CPU
		{B30829B3-ED90-4DB0-B3B4-C1D2FD0C2E21}.Release|x64.Build.0 = Release|Any CPU
		{B30829B3-ED90-4DB0-B3B4-C1D2FD0C2E21}.Release|x86.ActiveCfg = Release|Any CPU
		{B30829B3-ED90-4DB0-B3B4-C1D2FD0C2E21}.Release|x86.Build.0 = Release|Any CPU
		{99EDFF86-DBE0-46EB-ABDD-38917DA879B7}.Debug|Any CPU.ActiveCfg = Debug|Any CPU
		{99EDFF86-DBE0-46EB-ABDD-38917DA879B7}.Debug|Any CPU.Build.0 = Debug|Any CPU
		{99EDFF86-DBE0-46EB-ABDD-38917DA879B7}.Debug|ARM.ActiveCfg = Debug|Any CPU
		{99EDFF86-DBE0-46EB-ABDD-38917DA879B7}.Debug|ARM.Build.0 = Debug|Any CPU
		{99EDFF86-DBE0-46EB-ABDD-38917DA879B7}.Debug|x64.ActiveCfg = Debug|Any CPU
		{99EDFF86-DBE0-46EB-ABDD-38917DA879B7}.Debug|x64.Build.0 = Debug|Any CPU
		{99EDFF86-DBE0-46EB-ABDD-38917DA879B7}.Debug|x86.ActiveCfg = Debug|Any CPU
		{99EDFF86-DBE0-46EB-ABDD-38917DA879B7}.Debug|x86.Build.0 = Debug|Any CPU
		{99EDFF86-DBE0-46EB-ABDD-38917DA879B7}.Release|Any CPU.ActiveCfg = Release|Any CPU
		{99EDFF86-DBE0-46EB-ABDD-38917DA879B7}.Release|Any CPU.Build.0 = Release|Any CPU
		{99EDFF86-DBE0-46EB-ABDD-38917DA879B7}.Release|ARM.ActiveCfg = Release|Any CPU
		{99EDFF86-DBE0-46EB-ABDD-38917DA879B7}.Release|ARM.Build.0 = Release|Any CPU
		{99EDFF86-DBE0-46EB-ABDD-38917DA879B7}.Release|x64.ActiveCfg = Release|Any CPU
		{99EDFF86-DBE0-46EB-ABDD-38917DA879B7}.Release|x64.Build.0 = Release|Any CPU
		{99EDFF86-DBE0-46EB-ABDD-38917DA879B7}.Release|x86.ActiveCfg = Release|Any CPU
		{99EDFF86-DBE0-46EB-ABDD-38917DA879B7}.Release|x86.Build.0 = Release|Any CPU
	EndGlobalSection
	GlobalSection(SolutionProperties) = preSolution
		HideSolutionNode = FALSE
	EndGlobalSection
	GlobalSection(NestedProjects) = preSolution
		{1CD61638-ECE9-41B1-BD7E-E4ADE21B82C4} = {496012E0-17D6-40FB-AEB0-A410124EFA2F}
		{916E1E0F-7AD6-4ADC-A144-A1874775EA58} = {496012E0-17D6-40FB-AEB0-A410124EFA2F}
		{B30829B3-ED90-4DB0-B3B4-C1D2FD0C2E21} = {496012E0-17D6-40FB-AEB0-A410124EFA2F}
		{99EDFF86-DBE0-46EB-ABDD-38917DA879B7} = {B8EA6BC1-78E1-44D5-BEBD-525141B7DF3E}
	EndGlobalSection
EndGlobal
